// !$*UTF8*$!
{
	archiveVersion = 1;
	classes = {
	};
	objectVersion = 46;
	objects = {

/* Begin PBXBuildFile section */
		8EE83DCC1B9C2A7A00DB107E /* AppDelegate.swift in Sources */ = {isa = PBXBuildFile; fileRef = 8EE83DCB1B9C2A7A00DB107E /* AppDelegate.swift */; };
		8EE83DCE1B9C2A7A00DB107E /* ViewController.swift in Sources */ = {isa = PBXBuildFile; fileRef = 8EE83DCD1B9C2A7A00DB107E /* ViewController.swift */; };
		8EE83DD11B9C2A7A00DB107E /* Main.storyboard in Resources */ = {isa = PBXBuildFile; fileRef = 8EE83DCF1B9C2A7A00DB107E /* Main.storyboard */; };
		8EE83DD31B9C2A7A00DB107E /* Images.xcassets in Resources */ = {isa = PBXBuildFile; fileRef = 8EE83DD21B9C2A7A00DB107E /* Images.xcassets */; };
		8EE83DD61B9C2A7A00DB107E /* LaunchScreen.xib in Resources */ = {isa = PBXBuildFile; fileRef = 8EE83DD41B9C2A7A00DB107E /* LaunchScreen.xib */; };
		8EE83DE21B9C2A7A00DB107E /* TextFieldDelegateExerciseTests.swift in Sources */ = {isa = PBXBuildFile; fileRef = 8EE83DE11B9C2A7A00DB107E /* TextFieldDelegateExerciseTests.swift */; };
		8EE83DED1B9C318500DB107E /* zipDelegate.swift in Sources */ = {isa = PBXBuildFile; fileRef = 8EE83DEC1B9C318500DB107E /* zipDelegate.swift */; };
		8EE83DEF1B9C319000DB107E /* moneyDelegate.swift in Sources */ = {isa = PBXBuildFile; fileRef = 8EE83DEE1B9C319000DB107E /* moneyDelegate.swift */; };
/* End PBXBuildFile section */

/* Begin PBXContainerItemProxy section */
		8EE83DDC1B9C2A7A00DB107E /* PBXContainerItemProxy */ = {
			isa = PBXContainerItemProxy;
			containerPortal = 8EE83DBE1B9C2A7A00DB107E /* Project object */;
			proxyType = 1;
			remoteGlobalIDString = 8EE83DC51B9C2A7A00DB107E;
			remoteInfo = TextFieldDelegateExercise;
		};
/* End PBXContainerItemProxy section */

/* Begin PBXFileReference section */
		8EE83DC61B9C2A7A00DB107E /* TextFieldDelegateExercise.app */ = {isa = PBXFileReference; explicitFileType = wrapper.application; includeInIndex = 0; path = TextFieldDelegateExercise.app; sourceTree = BUILT_PRODUCTS_DIR; };
		8EE83DCA1B9C2A7A00DB107E /* Info.plist */ = {isa = PBXFileReference; lastKnownFileType = text.plist.xml; path = Info.plist; sourceTree = "<group>"; };
		8EE83DCB1B9C2A7A00DB107E /* AppDelegate.swift */ = {isa = PBXFileReference; lastKnownFileType = sourcecode.swift; path = AppDelegate.swift; sourceTree = "<group>"; };
		8EE83DCD1B9C2A7A00DB107E /* ViewController.swift */ = {isa = PBXFileReference; lastKnownFileType = sourcecode.swift; path = ViewController.swift; sourceTree = "<group>"; };
		8EE83DD01B9C2A7A00DB107E /* Base */ = {isa = PBXFileReference; lastKnownFileType = file.storyboard; name = Base; path = Base.lproj/Main.storyboard; sourceTree = "<group>"; };
		8EE83DD21B9C2A7A00DB107E /* Images.xcassets */ = {isa = PBXFileReference; lastKnownFileType = folder.assetcatalog; path = Images.xcassets; sourceTree = "<group>"; };
		8EE83DD51B9C2A7A00DB107E /* Base */ = {isa = PBXFileReference; lastKnownFileType = file.xib; name = Base; path = Base.lproj/LaunchScreen.xib; sourceTree = "<group>"; };
		8EE83DDB1B9C2A7A00DB107E /* TextFieldDelegateExerciseTests.xctest */ = {isa = PBXFileReference; explicitFileType = wrapper.cfbundle; includeInIndex = 0; path = TextFieldDelegateExerciseTests.xctest; sourceTree = BUILT_PRODUCTS_DIR; };
		8EE83DE01B9C2A7A00DB107E /* Info.plist */ = {isa = PBXFileReference; lastKnownFileType = text.plist.xml; path = Info.plist; sourceTree = "<group>"; };
		8EE83DE11B9C2A7A00DB107E /* TextFieldDelegateExerciseTests.swift */ = {isa = PBXFileReference; lastKnownFileType = sourcecode.swift; path = TextFieldDelegateExerciseTests.swift; sourceTree = "<group>"; };
		8EE83DEC1B9C318500DB107E /* zipDelegate.swift */ = {isa = PBXFileReference; fileEncoding = 4; lastKnownFileType = sourcecode.swift; path = zipDelegate.swift; sourceTree = "<group>"; };
		8EE83DEE1B9C319000DB107E /* moneyDelegate.swift */ = {isa = PBXFileReference; fileEncoding = 4; lastKnownFileType = sourcecode.swift; path = moneyDelegate.swift; sourceTree = "<group>"; };
/* End PBXFileReference section */

/* Begin PBXFrameworksBuildPhase section */
		8EE83DC31B9C2A7A00DB107E /* Frameworks */ = {
			isa = PBXFrameworksBuildPhase;
			buildActionMask = 2147483647;
			files = (
			);
			runOnlyForDeploymentPostprocessing = 0;
		};
		8EE83DD81B9C2A7A00DB107E /* Frameworks */ = {
			isa = PBXFrameworksBuildPhase;
			buildActionMask = 2147483647;
			files = (
			);
			runOnlyForDeploymentPostprocessing = 0;
		};
/* End PBXFrameworksBuildPhase section */

/* Begin PBXGroup section */
		8EE83DBD1B9C2A7A00DB107E = {
			isa = PBXGroup;
			children = (
				8EE83DC81B9C2A7A00DB107E /* TextFieldDelegateExercise */,
				8EE83DDE1B9C2A7A00DB107E /* TextFieldDelegateExerciseTests */,
				8EE83DC71B9C2A7A00DB107E /* Products */,
			);
			sourceTree = "<group>";
		};
		8EE83DC71B9C2A7A00DB107E /* Products */ = {
			isa = PBXGroup;
			children = (
				8EE83DC61B9C2A7A00DB107E /* TextFieldDelegateExercise.app */,
				8EE83DDB1B9C2A7A00DB107E /* TextFieldDelegateExerciseTests.xctest */,
			);
			name = Products;
			sourceTree = "<group>";
		};
		8EE83DC81B9C2A7A00DB107E /* TextFieldDelegateExercise */ = {
			isa = PBXGroup;
			children = (
				8EE83DCB1B9C2A7A00DB107E /* AppDelegate.swift */,
				8EE83DCD1B9C2A7A00DB107E /* ViewController.swift */,
				8EE83DEB1B9C310900DB107E /* Delegates */,
				8EE83DCF1B9C2A7A00DB107E /* Main.storyboard */,
				8EE83DD21B9C2A7A00DB107E /* Images.xcassets */,
				8EE83DD41B9C2A7A00DB107E /* LaunchScreen.xib */,
				8EE83DC91B9C2A7A00DB107E /* Supporting Files */,
			);
			path = TextFieldDelegateExercise;
			sourceTree = "<group>";
		};
		8EE83DC91B9C2A7A00DB107E /* Supporting Files */ = {
			isa = PBXGroup;
			children = (
				8EE83DCA1B9C2A7A00DB107E /* Info.plist */,
			);
			name = "Supporting Files";
			sourceTree = "<group>";
		};
		8EE83DDE1B9C2A7A00DB107E /* TextFieldDelegateExerciseTests */ = {
			isa = PBXGroup;
			children = (
				8EE83DE11B9C2A7A00DB107E /* TextFieldDelegateExerciseTests.swift */,
				8EE83DDF1B9C2A7A00DB107E /* Supporting Files */,
			);
			path = TextFieldDelegateExerciseTests;
			sourceTree = "<group>";
		};
		8EE83DDF1B9C2A7A00DB107E /* Supporting Files */ = {
			isa = PBXGroup;
			children = (
				8EE83DE01B9C2A7A00DB107E /* Info.plist */,
			);
			name = "Supporting Files";
			sourceTree = "<group>";
		};
		8EE83DEB1B9C310900DB107E /* Delegates */ = {
			isa = PBXGroup;
			children = (
				8EE83DEC1B9C318500DB107E /* zipDelegate.swift */,
				8EE83DEE1B9C319000DB107E /* moneyDelegate.swift */,
			);
			name = Delegates;
			path = ../TextFieldDelegateExercise.xcodeproj;
			sourceTree = "<group>";
		};
/* End PBXGroup section */

/* Begin PBXNativeTarget section */
		8EE83DC51B9C2A7A00DB107E /* TextFieldDelegateExercise */ = {
			isa = PBXNativeTarget;
			buildConfigurationList = 8EE83DE51B9C2A7A00DB107E /* Build configuration list for PBXNativeTarget "TextFieldDelegateExercise" */;
			buildPhases = (
				8EE83DC21B9C2A7A00DB107E /* Sources */,
				8EE83DC31B9C2A7A00DB107E /* Frameworks */,
				8EE83DC41B9C2A7A00DB107E /* Resources */,
			);
			buildRules = (
			);
			dependencies = (
			);
			name = TextFieldDelegateExercise;
			productName = TextFieldDelegateExercise;
			productReference = 8EE83DC61B9C2A7A00DB107E /* TextFieldDelegateExercise.app */;
			productType = "com.apple.product-type.application";
		};
		8EE83DDA1B9C2A7A00DB107E /* TextFieldDelegateExerciseTests */ = {
			isa = PBXNativeTarget;
			buildConfigurationList = 8EE83DE81B9C2A7A00DB107E /* Build configuration list for PBXNativeTarget "TextFieldDelegateExerciseTests" */;
			buildPhases = (
				8EE83DD71B9C2A7A00DB107E /* Sources */,
				8EE83DD81B9C2A7A00DB107E /* Frameworks */,
				8EE83DD91B9C2A7A00DB107E /* Resources */,
			);
			buildRules = (
			);
			dependencies = (
				8EE83DDD1B9C2A7A00DB107E /* PBXTargetDependency */,
			);
			name = TextFieldDelegateExerciseTests;
			productName = TextFieldDelegateExerciseTests;
			productReference = 8EE83DDB1B9C2A7A00DB107E /* TextFieldDelegateExerciseTests.xctest */;
			productType = "com.apple.product-type.bundle.unit-test";
		};
/* End PBXNativeTarget section */

/* Begin PBXProject section */
		8EE83DBE1B9C2A7A00DB107E /* Project object */ = {
			isa = PBXProject;
			attributes = {
				LastUpgradeCheck = 0640;
				ORGANIZATIONNAME = "Gabriele Gort";
				TargetAttributes = {
					8EE83DC51B9C2A7A00DB107E = {
						CreatedOnToolsVersion = 6.4;
					};
					8EE83DDA1B9C2A7A00DB107E = {
						CreatedOnToolsVersion = 6.4;
						TestTargetID = 8EE83DC51B9C2A7A00DB107E;
					};
				};
			};
			buildConfigurationList = 8EE83DC11B9C2A7A00DB107E /* Build configuration list for PBXProject "TextFieldDelegateExercise" */;
			compatibilityVersion = "Xcode 3.2";
			developmentRegion = English;
			hasScannedForEncodings = 0;
			knownRegions = (
				en,
				Base,
			);
			mainGroup = 8EE83DBD1B9C2A7A00DB107E;
			productRefGroup = 8EE83DC71B9C2A7A00DB107E /* Products */;
			projectDirPath = "";
			projectRoot = "";
			targets = (
				8EE83DC51B9C2A7A00DB107E /* TextFieldDelegateExercise */,
				8EE83DDA1B9C2A7A00DB107E /* TextFieldDelegateExerciseTests */,
			);
		};
/* End PBXProject section */

/* Begin PBXResourcesBuildPhase section */
		8EE83DC41B9C2A7A00DB107E /* Resources */ = {
			isa = PBXResourcesBuildPhase;
			buildActionMask = 2147483647;
			files = (
				8EE83DD11B9C2A7A00DB107E /* Main.storyboard in Resources */,
				8EE83DD61B9C2A7A00DB107E /* LaunchScreen.xib in Resources */,
				8EE83DD31B9C2A7A00DB107E /* Images.xcassets in Resources */,
			);
			runOnlyForDeploymentPostprocessing = 0;
		};
		8EE83DD91B9C2A7A00DB107E /* Resources */ = {
			isa = PBXResourcesBuildPhase;
			buildActionMask = 2147483647;
			files = (
			);
			runOnlyForDeploymentPostprocessing = 0;
		};
/* End PBXResourcesBuildPhase section */

/* Begin PBXSourcesBuildPhase section */
		8EE83DC21B9C2A7A00DB107E /* Sources */ = {
			isa = PBXSourcesBuildPhase;
			buildActionMask = 2147483647;
			files = (
				8EE83DCE1B9C2A7A00DB107E /* ViewController.swift in Sources */,
				8EE83DEF1B9C319000DB107E /* moneyDelegate.swift in Sources */,
				8EE83DCC1B9C2A7A00DB107E /* AppDelegate.swift in Sources */,
				8EE83DED1B9C318500DB107E /* zipDelegate.swift in Sources */,
			);
			runOnlyForDeploymentPostprocessing = 0;
		};
		8EE83DD71B9C2A7A00DB107E /* Sources */ = {
			isa = PBXSourcesBuildPhase;
			buildActionMask = 2147483647;
			files = (
				8EE83DE21B9C2A7A00DB107E /* TextFieldDelegateExerciseTests.swift in Sources */,
			);
			runOnlyForDeploymentPostprocessing = 0;
		};
/* End PBXSourcesBuildPhase section */

/* Begin PBXTargetDependency section */
		8EE83DDD1B9C2A7A00DB107E /* PBXTargetDependency */ = {
			isa = PBXTargetDependency;
			target = 8EE83DC51B9C2A7A00DB107E /* TextFieldDelegateExercise */;
			targetProxy = 8EE83DDC1B9C2A7A00DB107E /* PBXContainerItemProxy */;
		};
/* End PBXTargetDependency section */

/* Begin PBXVariantGroup section */
		8EE83DCF1B9C2A7A00DB107E /* Main.storyboard */ = {
			isa = PBXVariantGroup;
			children = (
				8EE83DD01B9C2A7A00DB107E /* Base */,
			);
			name = Main.storyboard;
			sourceTree = "<group>";
		};
		8EE83DD41B9C2A7A00DB107E /* LaunchScreen.xib */ = {
			isa = PBXVariantGroup;
			children = (
				8EE83DD51B9C2A7A00DB107E /* Base */,
			);
			name = LaunchScreen.xib;
			sourceTree = "<group>";
		};
/* End PBXVariantGroup section */

/* Begin XCBuildConfiguration section */
		8EE83DE31B9C2A7A00DB107E /* Debug */ = {
			isa = XCBuildConfiguration;
			buildSettings = {
				ALWAYS_SEARCH_USER_PATHS = NO;
				CLANG_CXX_LANGUAGE_STANDARD = "gnu++0x";
				CLANG_CXX_LIBRARY = "libc++";
				CLANG_ENABLE_MODULES = YES;
				CLANG_ENABLE_OBJC_ARC = YES;
				CLANG_WARN_BOOL_CONVERSION = YES;
				CLANG_WARN_CONSTANT_CONVERSION = YES;
				CLANG_WARN_DIRECT_OBJC_ISA_USAGE = YES_ERROR;
				CLANG_WARN_EMPTY_BODY = YES;
				CLANG_WARN_ENUM_CONVERSION = YES;
				CLANG_WARN_INT_CONVERSION = YES;
				CLANG_WARN_OBJC_ROOT_CLASS = YES_ERROR;
				CLANG_WARN_UNREACHABLE_CODE = YES;
				CLANG_WARN__DUPLICATE_METHOD_MATCH = YES;
				"CODE_SIGN_IDENTITY[sdk=iphoneos*]" = "iPhone Developer";
				COPY_PHASE_STRIP = NO;
				DEBUG_INFORMATION_FORMAT = "dwarf-with-dsym";
				ENABLE_STRICT_OBJC_MSGSEND = YES;
				GCC_C_LANGUAGE_STANDARD = gnu99;
				GCC_DYNAMIC_NO_PIC = NO;
				GCC_NO_COMMON_BLOCKS = YES;
				GCC_OPTIMIZATION_LEVEL = 0;
				GCC_PREPROCESSOR_DEFINITIONS = (
					"DEBUG=1",
					"$(inherited)",
				);
				GCC_SYMBOLS_PRIVATE_EXTERN = NO;
				GCC_WARN_64_TO_32_BIT_CONVERSION = YES;
				GCC_WARN_ABOUT_RETURN_TYPE = YES_ERROR;
				GCC_WARN_UNDECLARED_SELECTOR = YES;
				GCC_WARN_UNINITIALIZED_AUTOS = YES_AGGRESSIVE;
				GCC_WARN_UNUSED_FUNCTION = YES;
				GCC_WARN_UNUSED_VARIABLE = YES;
				IPHONEOS_DEPLOYMENT_TARGET = 8.4;
				MTL_ENABLE_DEBUG_INFO = YES;
				ONLY_ACTIVE_ARCH = YES;
				SDKROOT = iphoneos;
				SWIFT_OPTIMIZATION_LEVEL = "-Onone";
			};
			name = Debug;
		};
		8EE83DE41B9C2A7A00DB107E /* Release */ = {
			isa = XCBuildConfiguration;
			buildSettings = {
				ALWAYS_SEARCH_USER_PATHS = NO;
				CLANG_CXX_LANGUAGE_STANDARD = "gnu++0x";
				CLANG_CXX_LIBRARY = "libc++";
				CLANG_ENABLE_MODULES = YES;
				CLANG_ENABLE_OBJC_ARC = YES;
				CLANG_WARN_BOOL_CONVERSION = YES;
				CLANG_WARN_CONSTANT_CONVERSION = YES;
				CLANG_WARN_DIRECT_OBJC_ISA_USAGE = YES_ERROR;
				CLANG_WARN_EMPTY_BODY = YES;
				CLANG_WARN_ENUM_CONVERSION = YES;
				CLANG_WARN_INT_CONVERSION = YES;
				CLANG_WARN_OBJC_ROOT_CLASS = YES_ERROR;
				CLANG_WARN_UNREACHABLE_CODE = YES;
				CLANG_WARN__DUPLICATE_METHOD_MATCH = YES;
				"CODE_SIGN_IDENTITY[sdk=iphoneos*]" = "iPhone Developer";
				COPY_PHASE_STRIP = NO;
				DEBUG_INFORMATION_FORMAT = "dwarf-with-dsym";
				ENABLE_NS_ASSERTIONS = NO;
				ENABLE_STRICT_OBJC_MSGSEND = YES;
				GCC_C_LANGUAGE_STANDARD = gnu99;
				GCC_NO_COMMON_BLOCKS = YES;
				GCC_WARN_64_TO_32_BIT_CONVERSION = YES;
				GCC_WARN_ABOUT_RETURN_TYPE = YES_ERROR;
				GCC_WARN_UNDECLARED_SELECTOR = YES;
				GCC_WARN_UNINITIALIZED_AUTOS = YES_AGGRESSIVE;
				GCC_WARN_UNUSED_FUNCTION = YES;
				GCC_WARN_UNUSED_VARIABLE = YES;
				IPHONEOS_DEPLOYMENT_TARGET = 8.4;
				MTL_ENABLE_DEBUG_INFO = NO;
				SDKROOT = iphoneos;
				VALIDATE_PRODUCT = YES;
			};
			name = Release;
		};
		8EE83DE61B9C2A7A00DB107E /* Debug */ = {
			isa = XCBuildConfiguration;
			buildSettings = {
				ASSETCATALOG_COMPILER_APPICON_NAME = AppIcon;
				INFOPLIST_FILE = TextFieldDelegateExercise/Info.plist;
				LD_RUNPATH_SEARCH_PATHS = "$(inherited) @executable_path/Frameworks";
				PRODUCT_NAME = "$(TARGET_NAME)";
			};
			name = Debug;
		};
		8EE83DE71B9C2A7A00DB107E /* Release */ = {
			isa = XCBuildConfiguration;
			buildSettings = {
				ASSETCATALOG_COMPILER_APPICON_NAME = AppIcon;
				INFOPLIST_FILE = TextFieldDelegateExercise/Info.plist;
				LD_RUNPATH_SEARCH_PATHS = "$(inherited) @executable_path/Frameworks";
				PRODUCT_NAME = "$(TARGET_NAME)";
			};
			name = Release;
		};
		8EE83DE91B9C2A7A00DB107E /* Debug */ = {
			isa = XCBuildConfiguration;
			buildSettings = {
				BUNDLE_LOADER = "$(TEST_HOST)";
				FRAMEWORK_SEARCH_PATHS = (
					"$(SDKROOT)/Developer/Library/Frameworks",
					"$(inherited)",
				);
				GCC_PREPROCESSOR_DEFINITIONS = (
					"DEBUG=1",
					"$(inherited)",
				);
				INFOPLIST_FILE = TextFieldDelegateExerciseTests/Info.plist;
				LD_RUNPATH_SEARCH_PATHS = "$(inherited) @executable_path/Frameworks @loader_path/Frameworks";
				PRODUCT_NAME = "$(TARGET_NAME)";
				TEST_HOST = "$(BUILT_PRODUCTS_DIR)/TextFieldDelegateExercise.app/TextFieldDelegateExercise";
			};
			name = Debug;
		};
		8EE83DEA1B9C2A7A00DB107E /* Release */ = {
			isa = XCBuildConfiguration;
			buildSettings = {
				BUNDLE_LOADER = "$(TEST_HOST)";
				FRAMEWORK_SEARCH_PATHS = (
					"$(SDKROOT)/Developer/Library/Frameworks",
					"$(inherited)",
				);
				INFOPLIST_FILE = TextFieldDelegateExerciseTests/Info.plist;
				LD_RUNPATH_SEARCH_PATHS = "$(inherited) @executable_path/Frameworks @loader_path/Frameworks";
				PRODUCT_NAME = "$(TARGET_NAME)";
				TEST_HOST = "$(BUILT_PRODUCTS_DIR)/TextFieldDelegateExercise.app/TextFieldDelegateExercise";
			};
			name = Release;
		};
/* End XCBuildConfiguration section */

/* Begin XCConfigurationList section */
		8EE83DC11B9C2A7A00DB107E /* Build configuration list for PBXProject "TextFieldDelegateExercise" */ = {
			isa = XCConfigurationList;
			buildConfigurations = (
				8EE83DE31B9C2A7A00DB107E /* Debug */,
				8EE83DE41B9C2A7A00DB107E /* Release */,
			);
			defaultConfigurationIsVisible = 0;
			defaultConfigurationName = Release;
		};
		8EE83DE51B9C2A7A00DB107E /* Build configuration list for PBXNativeTarget "TextFieldDelegateExercise" */ = {
			isa = XCConfigurationList;
			buildConfigurations = (
				8EE83DE61B9C2A7A00DB107E /* Debug */,
				8EE83DE71B9C2A7A00DB107E /* Release */,
			);
			defaultConfigurationIsVisible = 0;
			defaultConfigurationName = Release;
		};
		8EE83DE81B9C2A7A00DB107E /* Build configuration list for PBXNativeTarget "TextFieldDelegateExerciseTests" */ = {
			isa = XCConfigurationList;
			buildConfigurations = (
				8EE83DE91B9C2A7A00DB107E /* Debug */,
				8EE83DEA1B9C2A7A00DB107E /* Release */,
			);
			defaultConfigurationIsVisible = 0;
			defaultConfigurationName = Release;
		};
/* End XCConfigurationList section */
	};
	rootObject = 8EE83DBE1B9C2A7A00DB107E /* Project object */;
}
